
Microsoft Visual Studio Solution File, Format Version 12.00
# Visual Studio Version 17
VisualStudioVersion = 17.13.35818.85
MinimumVisualStudioVersion = 10.0.40219.1
Project("{FAE04EC0-301F-11D3-BF4B-00C04F79EFBC}") = "InfoPanel.RTSS", "InfoPanel.RTSS\InfoPanel.RTSS.csproj", "{5990A22C-88ED-44F9-A323-55375FF341D6}"
EndProject
Global
	GlobalSection(SolutionConfigurationPlatforms) = preSolution
		Debug|Any CPU = Debug|Any CPU
		Debug|x64 = Debug|x64
		Debug|x86 = Debug|x86
		Release|Any CPU = Release|Any CPU
		Release|x64 = Release|x64
		Release|x86 = Release|x86
	EndGlobalSection
	GlobalSection(ProjectConfigurationPlatforms) = postSolution
		{5990A22C-88ED-44F9-A323-55375FF341D6}.Debug|Any CPU.ActiveCfg = Debug|x64
		{5990A22C-88ED-44F9-A323-55375FF341D6}.Debug|Any CPU.Build.0 = Debug|x64
		{5990A22C-88ED-44F9-A323-55375FF341D6}.Debug|x64.ActiveCfg = Debug|Any CPU
		{5990A22C-88ED-44F9-A323-55375FF341D6}.Debug|x64.Build.0 = Debug|Any CPU
		{5990A22C-88ED-44F9-A323-55375FF341D6}.Debug|x86.ActiveCfg = Debug|Any CPU
		{5990A22C-88ED-44F9-A323-55375FF341D6}.Debug|x86.Build.0 = Debug|Any CPU
		{5990A22C-88ED-44F9-A323-55375FF341D6}.Release|Any CPU.ActiveCfg = Release|x64
		{5990A22C-88ED-44F9-A323-55375FF341D6}.Release|Any CPU.Build.0 = Release|x64
		{5990A22C-88ED-44F9-A323-55375FF341D6}.Release|x64.ActiveCfg = Release|Any CPU
		{5990A22C-88ED-44F9-A323-55375FF341D6}.Release|x64.Build.0 = Release|Any CPU
		{5990A22C-88ED-44F9-A323-55375FF341D6}.Release|x86.ActiveCfg = Release|Any CPU
		{5990A22C-88ED-44F9-A323-55375FF341D6}.Release|x86.Build.0 = Release|Any CPU
	EndGlobalSection
	GlobalSection(SolutionProperties) = preSolution
		HideSolutionNode = FALSE
	EndGlobalSection
	GlobalSection(ExtensibilityGlobals) = postSolution
		SolutionGuid = {66C2D01F-A1F6-4BB5-BBC0-4A3FA30BD64E}
	EndGlobalSection
EndGlobal
